
Microsoft Visual Studio Solution File, Format Version 12.00
# Visual Studio Version 17
VisualStudioVersion = 17.3.32929.385
MinimumVisualStudioVersion = 10.0.40219.1
Project("{FAE04EC0-301F-11D3-BF4B-00C04F79EFBC}") = "SwagProject", "SwagProject\SwagProject.csproj", "{66900EAD-16B0-4B15-ABCA-10CAF7EDBF2F}"
EndProject
Global
	GlobalSection(SolutionConfigurationPlatforms) = preSolution
		Debug|Any CPU = Debug|Any CPU
		Release|Any CPU = Release|Any CPU
	EndGlobalSection
	GlobalSection(ProjectConfigurationPlatforms) = postSolution
		{66900EAD-16B0-4B15-ABCA-10CAF7EDBF2F}.Debug|Any CPU.ActiveCfg = Debug|Any CPU
		{66900EAD-16B0-4B15-ABCA-10CAF7EDBF2F}.Debug|Any CPU.Build.0 = Debug|Any CPU
		{66900EAD-16B0-4B15-ABCA-10CAF7EDBF2F}.Release|Any CPU.ActiveCfg = Release|Any CPU
		{66900EAD-16B0-4B15-ABCA-10CAF7EDBF2F}.Release|Any CPU.Build.0 = Release|Any CPU
	EndGlobalSection
	GlobalSection(SolutionProperties) = preSolution
		HideSolutionNode = FALSE
	EndGlobalSection
	GlobalSection(ExtensibilityGlobals) = postSolution
		SolutionGuid = {894FE2A7-538A-4978-867F-84B85BB9289A}
	EndGlobalSection
EndGlobal
